
Microsoft Visual Studio Solution File, Format Version 12.00
# Visual Studio Version 16
VisualStudioVersion = 16.0.32228.343
MinimumVisualStudioVersion = 10.0.40219.1
Project("{FAE04EC0-301F-11D3-BF4B-00C04F79EFBC}") = "Enc_Dec", "Enc_Dec.csproj", "{4DFD2930-3A15-4522-9126-8EB7636A3E4A}"
EndProject
Global
	GlobalSection(SolutionConfigurationPlatforms) = preSolution
		Debug|Any CPU = Debug|Any CPU
		Release|Any CPU = Release|Any CPU
	EndGlobalSection
	GlobalSection(ProjectConfigurationPlatforms) = postSolution
		{4DFD2930-3A15-4522-9126-8EB7636A3E4A}.Debug|Any CPU.ActiveCfg = Debug|Any CPU
		{4DFD2930-3A15-4522-9126-8EB7636A3E4A}.Debug|Any CPU.Build.0 = Debug|Any CPU
		{4DFD2930-3A15-4522-9126-8EB7636A3E4A}.Release|Any CPU.ActiveCfg = Release|Any CPU
		{4DFD2930-3A15-4522-9126-8EB7636A3E4A}.Release|Any CPU.Build.0 = Release|Any CPU
	EndGlobalSection
	GlobalSection(SolutionProperties) = preSolution
		HideSolutionNode = FALSE
	EndGlobalSection
	GlobalSection(ExtensibilityGlobals) = postSolution
		SolutionGuid = {725B315B-8BDE-4142-ACB4-D2A81BA8C928}
	EndGlobalSection
EndGlobal
